
Microsoft Visual Studio Solution File, Format Version 12.00
# Visual Studio Version 17
VisualStudioVersion = 17.5.33424.131
MinimumVisualStudioVersion = 10.0.40219.1
Project("{9A19103F-16F7-4668-BE54-9A1E7A4F7556}") = "GoldenHour", "GoldenHour\GoldenHour.csproj", "{8D72C25D-6D13-4740-9FBB-163FF640F4F1}"
EndProject
Project("{FAE04EC0-301F-11D3-BF4B-00C04F79EFBC}") = "GoldenHour.Maui", "GoldenHour.Maui\GoldenHour.Maui.csproj", "{A61144B9-7CE4-4862-B588-BDF7B9E7115D}"
EndProject
Project("{FAE04EC0-301F-11D3-BF4B-00C04F79EFBC}") = "GoldenHour.Persistance", "GoldenHour.Persistance\GoldenHour.Persistance.csproj", "{D9A6E63B-5FFB-441F-95F2-0BF1D83E3EC2}"
EndProject
Project("{FAE04EC0-301F-11D3-BF4B-00C04F79EFBC}") = "GoldenHour.Application", "GoldenHour.Application\GoldenHour.Application.csproj", "{70293874-A041-40BD-AD80-1468313FFAEA}"
EndProject
Project("{FAE04EC0-301F-11D3-BF4B-00C04F79EFBC}") = "GoldenHour.Domain", "GoldenHour.Domain\GoldenHour.Domain.csproj", "{2CE6F01C-81A6-42C5-98B2-D1F8A34F88B2}"
EndProject
Global
	GlobalSection(SolutionConfigurationPlatforms) = preSolution
		Debug|Any CPU = Debug|Any CPU
		Release|Any CPU = Release|Any CPU
	EndGlobalSection
	GlobalSection(ProjectConfigurationPlatforms) = postSolution
		{8D72C25D-6D13-4740-9FBB-163FF640F4F1}.Debug|Any CPU.ActiveCfg = Debug|Any CPU
		{8D72C25D-6D13-4740-9FBB-163FF640F4F1}.Debug|Any CPU.Build.0 = Debug|Any CPU
		{8D72C25D-6D13-4740-9FBB-163FF640F4F1}.Release|Any CPU.ActiveCfg = Release|Any CPU
		{8D72C25D-6D13-4740-9FBB-163FF640F4F1}.Release|Any CPU.Build.0 = Release|Any CPU
		{A61144B9-7CE4-4862-B588-BDF7B9E7115D}.Debug|Any CPU.ActiveCfg = Debug|Any CPU
		{A61144B9-7CE4-4862-B588-BDF7B9E7115D}.Debug|Any CPU.Build.0 = Debug|Any CPU
		{A61144B9-7CE4-4862-B588-BDF7B9E7115D}.Debug|Any CPU.Deploy.0 = Debug|Any CPU
		{A61144B9-7CE4-4862-B588-BDF7B9E7115D}.Release|Any CPU.ActiveCfg = Release|Any CPU
		{A61144B9-7CE4-4862-B588-BDF7B9E7115D}.Release|Any CPU.Build.0 = Release|Any CPU
		{A61144B9-7CE4-4862-B588-BDF7B9E7115D}.Release|Any CPU.Deploy.0 = Release|Any CPU
		{D9A6E63B-5FFB-441F-95F2-0BF1D83E3EC2}.Debug|Any CPU.ActiveCfg = Debug|Any CPU
		{D9A6E63B-5FFB-441F-95F2-0BF1D83E3EC2}.Debug|Any CPU.Build.0 = Debug|Any CPU
		{D9A6E63B-5FFB-441F-95F2-0BF1D83E3EC2}.Release|Any CPU.ActiveCfg = Release|Any CPU
		{D9A6E63B-5FFB-441F-95F2-0BF1D83E3EC2}.Release|Any CPU.Build.0 = Release|Any CPU
		{70293874-A041-40BD-AD80-1468313FFAEA}.Debug|Any CPU.ActiveCfg = Debug|Any CPU
		{70293874-A041-40BD-AD80-1468313FFAEA}.Debug|Any CPU.Build.0 = Debug|Any CPU
		{70293874-A041-40BD-AD80-1468313FFAEA}.Release|Any CPU.ActiveCfg = Release|Any CPU
		{70293874-A041-40BD-AD80-1468313FFAEA}.Release|Any CPU.Build.0 = Release|Any CPU
		{2CE6F01C-81A6-42C5-98B2-D1F8A34F88B2}.Debug|Any CPU.ActiveCfg = Debug|Any CPU
		{2CE6F01C-81A6-42C5-98B2-D1F8A34F88B2}.Debug|Any CPU.Build.0 = Debug|Any CPU
		{2CE6F01C-81A6-42C5-98B2-D1F8A34F88B2}.Release|Any CPU.ActiveCfg = Release|Any CPU
		{2CE6F01C-81A6-42C5-98B2-D1F8A34F88B2}.Release|Any CPU.Build.0 = Release|Any CPU
	EndGlobalSection
	GlobalSection(SolutionProperties) = preSolution
		HideSolutionNode = FALSE
	EndGlobalSection
	GlobalSection(ExtensibilityGlobals) = postSolution
		SolutionGuid = {97028CD8-9EFA-420E-9942-9AAC16DB7937}
	EndGlobalSection
EndGlobal
